
Microsoft Visual Studio Solution File, Format Version 12.00
# Visual Studio Version 16
VisualStudioVersion = 16.0.34114.132
MinimumVisualStudioVersion = 10.0.40219.1
Project("{FAE04EC0-301F-11D3-BF4B-00C04F79EFBC}") = "SistemaProcinco.API", "SistemaProcinco\SistemaProcinco.API.csproj", "{ADCD5CE0-A624-44D7-B9A2-0B8D5AA30DBD}"
EndProject
Project("{FAE04EC0-301F-11D3-BF4B-00C04F79EFBC}") = "SistemaProcinco.BusinessLogic", "SistemaProcinco.BusinessLogic\SistemaProcinco.BusinessLogic.csproj", "{CAB466AC-FF7E-450D-A51C-F33FF5FEBECE}"
EndProject
Project("{FAE04EC0-301F-11D3-BF4B-00C04F79EFBC}") = "SistemaProcinco.DataAccess", "SistemaProcinco.DataAccess\SistemaProcinco.DataAccess.csproj", "{7506FE10-4136-44E6-A4F0-37CFE5DF2C54}"
EndProject
Project("{FAE04EC0-301F-11D3-BF4B-00C04F79EFBC}") = "SistemaProcinco.Entities", "SistemaProcinco.Entities\SistemaProcinco.Entities.csproj", "{CC18E5BC-2994-4AEA-B464-9DFF137C56DC}"
EndProject
Project("{FAE04EC0-301F-11D3-BF4B-00C04F79EFBC}") = "SistemaProcinco.Common", "SistemaProcinco.Common\SistemaProcinco.Common.csproj", "{84DDB9A1-BD8D-4780-8D55-4DDE0757DEA5}"
EndProject
Global
	GlobalSection(SolutionConfigurationPlatforms) = preSolution
		Debug|Any CPU = Debug|Any CPU
		Release|Any CPU = Release|Any CPU
	EndGlobalSection
	GlobalSection(ProjectConfigurationPlatforms) = postSolution
		{ADCD5CE0-A624-44D7-B9A2-0B8D5AA30DBD}.Debug|Any CPU.ActiveCfg = Debug|Any CPU
		{ADCD5CE0-A624-44D7-B9A2-0B8D5AA30DBD}.Debug|Any CPU.Build.0 = Debug|Any CPU
		{ADCD5CE0-A624-44D7-B9A2-0B8D5AA30DBD}.Release|Any CPU.ActiveCfg = Release|Any CPU
		{ADCD5CE0-A624-44D7-B9A2-0B8D5AA30DBD}.Release|Any CPU.Build.0 = Release|Any CPU
		{CAB466AC-FF7E-450D-A51C-F33FF5FEBECE}.Debug|Any CPU.ActiveCfg = Debug|Any CPU
		{CAB466AC-FF7E-450D-A51C-F33FF5FEBECE}.Debug|Any CPU.Build.0 = Debug|Any CPU
		{CAB466AC-FF7E-450D-A51C-F33FF5FEBECE}.Release|Any CPU.ActiveCfg = Release|Any CPU
		{CAB466AC-FF7E-450D-A51C-F33FF5FEBECE}.Release|Any CPU.Build.0 = Release|Any CPU
		{7506FE10-4136-44E6-A4F0-37CFE5DF2C54}.Debug|Any CPU.ActiveCfg = Debug|Any CPU
		{7506FE10-4136-44E6-A4F0-37CFE5DF2C54}.Debug|Any CPU.Build.0 = Debug|Any CPU
		{7506FE10-4136-44E6-A4F0-37CFE5DF2C54}.Release|Any CPU.ActiveCfg = Release|Any CPU
		{7506FE10-4136-44E6-A4F0-37CFE5DF2C54}.Release|Any CPU.Build.0 = Release|Any CPU
		{CC18E5BC-2994-4AEA-B464-9DFF137C56DC}.Debug|Any CPU.ActiveCfg = Debug|Any CPU
		{CC18E5BC-2994-4AEA-B464-9DFF137C56DC}.Debug|Any CPU.Build.0 = Debug|Any CPU
		{CC18E5BC-2994-4AEA-B464-9DFF137C56DC}.Release|Any CPU.ActiveCfg = Release|Any CPU
		{CC18E5BC-2994-4AEA-B464-9DFF137C56DC}.Release|Any CPU.Build.0 = Release|Any CPU
		{84DDB9A1-BD8D-4780-8D55-4DDE0757DEA5}.Debug|Any CPU.ActiveCfg = Debug|Any CPU
		{84DDB9A1-BD8D-4780-8D55-4DDE0757DEA5}.Debug|Any CPU.Build.0 = Debug|Any CPU
		{84DDB9A1-BD8D-4780-8D55-4DDE0757DEA5}.Release|Any CPU.ActiveCfg = Release|Any CPU
		{84DDB9A1-BD8D-4780-8D55-4DDE0757DEA5}.Release|Any CPU.Build.0 = Release|Any CPU
	EndGlobalSection
	GlobalSection(SolutionProperties) = preSolution
		HideSolutionNode = FALSE
	EndGlobalSection
	GlobalSection(ExtensibilityGlobals) = postSolution
		SolutionGuid = {318AA48D-0A4A-483A-B11F-CEF49FCECD04}
	EndGlobalSection
EndGlobal
